// !$*UTF8*$!
{
	archiveVersion = 1;
	classes = {
	};
	objectVersion = 46;
	objects = {

/* Begin PBXBuildFile section */
		CBC0099B1F4D108B00F1D768 /* main.cpp in Sources */ = {isa = PBXBuildFile; fileRef = CBC0099A1F4D108B00F1D768 /* main.cpp */; };
		CBC009A51F4FE4BA00F1D768 /* LuminanceCalculator.cpp in Sources */ = {isa = PBXBuildFile; fileRef = CBC009A31F4FE4BA00F1D768 /* LuminanceCalculator.cpp */; };
		CBC009AC1F513C7D00F1D768 /* App.cpp in Sources */ = {isa = PBXBuildFile; fileRef = CBC009AA1F513C7D00F1D768 /* App.cpp */; };
/* End PBXBuildFile section */

/* Begin PBXCopyFilesBuildPhase section */
		CBC009951F4D108A00F1D768 /* CopyFiles */ = {
			isa = PBXCopyFilesBuildPhase;
			buildActionMask = 2147483647;
			dstPath = /usr/share/man/man1/;
			dstSubfolderSpec = 0;
			files = (
			);
			runOnlyForDeploymentPostprocessing = 1;
		};
/* End PBXCopyFilesBuildPhase section */

/* Begin PBXFileReference section */
		CBC009971F4D108B00F1D768 /* calclum */ = {isa = PBXFileReference; explicitFileType = "compiled.mach-o.executable"; includeInIndex = 0; path = calclum; sourceTree = BUILT_PRODUCTS_DIR; };
		CBC0099A1F4D108B00F1D768 /* main.cpp */ = {isa = PBXFileReference; lastKnownFileType = sourcecode.cpp.cpp; path = main.cpp; sourceTree = "<group>"; };
		CBC009A11F4E673500F1D768 /* ParseArgs.h */ = {isa = PBXFileReference; lastKnownFileType = sourcecode.c.h; path = ParseArgs.h; sourceTree = "<group>"; };
		CBC009A31F4FE4BA00F1D768 /* LuminanceCalculator.cpp */ = {isa = PBXFileReference; fileEncoding = 4; lastKnownFileType = sourcecode.cpp.cpp; path = LuminanceCalculator.cpp; sourceTree = "<group>"; };
		CBC009A41F4FE4BA00F1D768 /* LuminanceCalculator.hpp */ = {isa = PBXFileReference; fileEncoding = 4; lastKnownFileType = sourcecode.cpp.h; path = LuminanceCalculator.hpp; sourceTree = "<group>"; };
		CBC009AA1F513C7D00F1D768 /* App.cpp */ = {isa = PBXFileReference; fileEncoding = 4; lastKnownFileType = sourcecode.cpp.cpp; path = App.cpp; sourceTree = "<group>"; };
		CBC009AB1F513C7D00F1D768 /* App.hpp */ = {isa = PBXFileReference; fileEncoding = 4; lastKnownFileType = sourcecode.cpp.h; path = App.hpp; sourceTree = "<group>"; };
		CBC009AD1F5269F100F1D768 /* Util.h */ = {isa = PBXFileReference; lastKnownFileType = sourcecode.c.h; path = Util.h; sourceTree = "<group>"; };
/* End PBXFileReference section */

/* Begin PBXFrameworksBuildPhase section */
		CBC009941F4D108A00F1D768 /* Frameworks */ = {
			isa = PBXFrameworksBuildPhase;
			buildActionMask = 2147483647;
			files = (
			);
			runOnlyForDeploymentPostprocessing = 0;
		};
/* End PBXFrameworksBuildPhase section */

/* Begin PBXGroup section */
		CBC0098E1F4D108A00F1D768 = {
			isa = PBXGroup;
			children = (
				CBC009991F4D108B00F1D768 /* calclum */,
				CBC009981F4D108B00F1D768 /* Products */,
			);
			sourceTree = "<group>";
		};
		CBC009981F4D108B00F1D768 /* Products */ = {
			isa = PBXGroup;
			children = (
				CBC009971F4D108B00F1D768 /* calclum */,
			);
			name = Products;
			sourceTree = "<group>";
		};
		CBC009991F4D108B00F1D768 /* calclum */ = {
			isa = PBXGroup;
			children = (
				CBC0099A1F4D108B00F1D768 /* main.cpp */,
				CBC009A11F4E673500F1D768 /* ParseArgs.h */,
				CBC009A31F4FE4BA00F1D768 /* LuminanceCalculator.cpp */,
				CBC009A41F4FE4BA00F1D768 /* LuminanceCalculator.hpp */,
				CBC009AA1F513C7D00F1D768 /* App.cpp */,
				CBC009AB1F513C7D00F1D768 /* App.hpp */,
				CBC009AD1F5269F100F1D768 /* Util.h */,
			);
			path = calclum;
			sourceTree = "<group>";
		};
/* End PBXGroup section */

/* Begin PBXNativeTarget section */
		CBC009961F4D108A00F1D768 /* calclum */ = {
			isa = PBXNativeTarget;
			buildConfigurationList = CBC0099E1F4D108B00F1D768 /* Build configuration list for PBXNativeTarget "calclum" */;
			buildPhases = (
				CBC009931F4D108A00F1D768 /* Sources */,
				CBC009941F4D108A00F1D768 /* Frameworks */,
				CBC009951F4D108A00F1D768 /* CopyFiles */,
			);
			buildRules = (
			);
			dependencies = (
			);
			name = calclum;
			productName = calclum;
			productReference = CBC009971F4D108B00F1D768 /* calclum */;
			productType = "com.apple.product-type.tool";
		};
/* End PBXNativeTarget section */

/* Begin PBXProject section */
		CBC0098F1F4D108A00F1D768 /* Project object */ = {
			isa = PBXProject;
			attributes = {
				LastUpgradeCheck = 0820;
				ORGANIZATIONNAME = "David Kerr";
				TargetAttributes = {
					CBC009961F4D108A00F1D768 = {
						CreatedOnToolsVersion = 8.2.1;
						ProvisioningStyle = Automatic;
					};
				};
			};
			buildConfigurationList = CBC009921F4D108A00F1D768 /* Build configuration list for PBXProject "calclum" */;
			compatibilityVersion = "Xcode 3.2";
			developmentRegion = English;
			hasScannedForEncodings = 0;
			knownRegions = (
				en,
			);
			mainGroup = CBC0098E1F4D108A00F1D768;
			productRefGroup = CBC009981F4D108B00F1D768 /* Products */;
			projectDirPath = "";
			projectRoot = "";
			targets = (
				CBC009961F4D108A00F1D768 /* calclum */,
			);
		};
/* End PBXProject section */

/* Begin PBXSourcesBuildPhase section */
		CBC009931F4D108A00F1D768 /* Sources */ = {
			isa = PBXSourcesBuildPhase;
			buildActionMask = 2147483647;
			files = (
				CBC009AC1F513C7D00F1D768 /* App.cpp in Sources */,
				CBC009A51F4FE4BA00F1D768 /* LuminanceCalculator.cpp in Sources */,
				CBC0099B1F4D108B00F1D768 /* main.cpp in Sources */,
			);
			runOnlyForDeploymentPostprocessing = 0;
		};
/* End PBXSourcesBuildPhase section */

/* Begin XCBuildConfiguration section */
		CBC0099C1F4D108B00F1D768 /* Debug */ = {
			isa = XCBuildConfiguration;
			buildSettings = {
				ALWAYS_SEARCH_USER_PATHS = NO;
				CLANG_ANALYZER_NONNULL = YES;
				CLANG_CXX_LANGUAGE_STANDARD = "gnu++0x";
				CLANG_CXX_LIBRARY = "libc++";
				CLANG_ENABLE_MODULES = YES;
				CLANG_ENABLE_OBJC_ARC = YES;
				CLANG_WARN_BOOL_CONVERSION = YES;
				CLANG_WARN_CONSTANT_CONVERSION = YES;
				CLANG_WARN_DIRECT_OBJC_ISA_USAGE = YES_ERROR;
				CLANG_WARN_DOCUMENTATION_COMMENTS = YES;
				CLANG_WARN_EMPTY_BODY = YES;
				CLANG_WARN_ENUM_CONVERSION = YES;
				CLANG_WARN_INFINITE_RECURSION = YES;
				CLANG_WARN_INT_CONVERSION = YES;
				CLANG_WARN_OBJC_ROOT_CLASS = YES_ERROR;
				CLANG_WARN_SUSPICIOUS_MOVE = YES;
				CLANG_WARN_UNREACHABLE_CODE = YES;
				CLANG_WARN__DUPLICATE_METHOD_MATCH = YES;
				CODE_SIGN_IDENTITY = "-";
				COPY_PHASE_STRIP = NO;
				DEBUG_INFORMATION_FORMAT = dwarf;
				ENABLE_STRICT_OBJC_MSGSEND = YES;
				ENABLE_TESTABILITY = YES;
				GCC_C_LANGUAGE_STANDARD = gnu99;
				GCC_DYNAMIC_NO_PIC = NO;
				GCC_NO_COMMON_BLOCKS = YES;
				GCC_OPTIMIZATION_LEVEL = 0;
				GCC_PREPROCESSOR_DEFINITIONS = (
					"DEBUG=1",
					"$(inherited)",
				);
				GCC_WARN_64_TO_32_BIT_CONVERSION = YES;
				GCC_WARN_ABOUT_RETURN_TYPE = YES_ERROR;
				GCC_WARN_UNDECLARED_SELECTOR = YES;
				GCC_WARN_UNINITIALIZED_AUTOS = YES_AGGRESSIVE;
				GCC_WARN_UNUSED_FUNCTION = YES;
				GCC_WARN_UNUSED_VARIABLE = YES;
				HEADER_SEARCH_PATHS = /usr/local/include;
				LIBRARY_SEARCH_PATHS = /usr/local/lib;
				MACOSX_DEPLOYMENT_TARGET = 10.11;
				MTL_ENABLE_DEBUG_INFO = YES;
				ONLY_ACTIVE_ARCH = YES;
				OTHER_LDFLAGS = (
					"-lopencv_core",
					"-lopencv_highgui",
					"-lopencv_imgproc",
					"-lopencv_videoio",
					"-lboost_system",
					"-lboost_filesystem",
					"-lboost_thread-mt",
				);
				SDKROOT = macosx;
			};
			name = Debug;
		};
		CBC0099D1F4D108B00F1D768 /* Release */ = {
			isa = XCBuildConfiguration;
			buildSettings = {
				ALWAYS_SEARCH_USER_PATHS = NO;
				CLANG_ANALYZER_NONNULL = YES;
				CLANG_CXX_LANGUAGE_STANDARD = "gnu++0x";
				CLANG_CXX_LIBRARY = "libc++";
				CLANG_ENABLE_MODULES = YES;
				CLANG_ENABLE_OBJC_ARC = YES;
				CLANG_WARN_BOOL_CONVERSION = YES;
				CLANG_WARN_CONSTANT_CONVERSION = YES;
				CLANG_WARN_DIRECT_OBJC_ISA_USAGE = YES_ERROR;
				CLANG_WARN_DOCUMENTATION_COMMENTS = YES;
				CLANG_WARN_EMPTY_BODY = YES;
				CLANG_WARN_ENUM_CONVERSION = YES;
				CLANG_WARN_INFINITE_RECURSION = YES;
				CLANG_WARN_INT_CONVERSION = YES;
				CLANG_WARN_OBJC_ROOT_CLASS = YES_ERROR;
				CLANG_WARN_SUSPICIOUS_MOVE = YES;
				CLANG_WARN_UNREACHABLE_CODE = YES;
				CLANG_WARN__DUPLICATE_METHOD_MATCH = YES;
				CODE_SIGN_IDENTITY = "-";
				COPY_PHASE_STRIP = NO;
				DEBUG_INFORMATION_FORMAT = "dwarf-with-dsym";
				ENABLE_NS_ASSERTIONS = NO;
				ENABLE_STRICT_OBJC_MSGSEND = YES;
				GCC_C_LANGUAGE_STANDARD = gnu99;
				GCC_NO_COMMON_BLOCKS = YES;
				GCC_WARN_64_TO_32_BIT_CONVERSION = YES;
				GCC_WARN_ABOUT_RETURN_TYPE = YES_ERROR;
				GCC_WARN_UNDECLARED_SELECTOR = YES;
				GCC_WARN_UNINITIALIZED_AUTOS = YES_AGGRESSIVE;
				GCC_WARN_UNUSED_FUNCTION = YES;
				GCC_WARN_UNUSED_VARIABLE = YES;
				HEADER_SEARCH_PATHS = /usr/local/include;
				LIBRARY_SEARCH_PATHS = /usr/local/lib;
				MACOSX_DEPLOYMENT_TARGET = 10.11;
				MTL_ENABLE_DEBUG_INFO = NO;
				OTHER_LDFLAGS = (
					"-lopencv_core",
					"-lopencv_highgui",
					"-lopencv_imgproc",
					"-lopencv_videoio",
					"-lboost_system",
					"-lboost_filesystem",
					"-lboost_thread-mt",
				);
				SDKROOT = macosx;
			};
			name = Release;
		};
		CBC0099F1F4D108B00F1D768 /* Debug */ = {
			isa = XCBuildConfiguration;
			buildSettings = {
				PRODUCT_NAME = "$(TARGET_NAME)";
			};
			name = Debug;
		};
		CBC009A01F4D108B00F1D768 /* Release */ = {
			isa = XCBuildConfiguration;
			buildSettings = {
				PRODUCT_NAME = "$(TARGET_NAME)";
			};
			name = Release;
		};
/* End XCBuildConfiguration section */

/* Begin XCConfigurationList section */
		CBC009921F4D108A00F1D768 /* Build configuration list for PBXProject "calclum" */ = {
			isa = XCConfigurationList;
			buildConfigurations = (
				CBC0099C1F4D108B00F1D768 /* Debug */,
				CBC0099D1F4D108B00F1D768 /* Release */,
			);
			defaultConfigurationIsVisible = 0;
			defaultConfigurationName = Release;
		};
		CBC0099E1F4D108B00F1D768 /* Build configuration list for PBXNativeTarget "calclum" */ = {
			isa = XCConfigurationList;
			buildConfigurations = (
				CBC0099F1F4D108B00F1D768 /* Debug */,
				CBC009A01F4D108B00F1D768 /* Release */,
			);
			defaultConfigurationIsVisible = 0;
		};
/* End XCConfigurationList section */
	};
	rootObject = CBC0098F1F4D108A00F1D768 /* Project object */;
}
